
Microsoft Visual Studio Solution File, Format Version 12.00
# Visual Studio Version 17
VisualStudioVersion = 17.12.35506.116
MinimumVisualStudioVersion = 10.0.40219.1
Project("{2150E333-8FDC-42A3-9474-1A3956D46DE8}") = "src", "src", "{CFF33A9C-E0F0-4D41-AE46-375A91C7C68E}"
EndProject
Project("{FAE04EC0-301F-11D3-BF4B-00C04F79EFBC}") = "SimpleCRUD.Core", "SimpleCRUD.Core\SimpleCRUD.Core.csproj", "{5C5A13FC-18ED-4D50-B171-D4A2B9E88568}"
EndProject
Project("{FAE04EC0-301F-11D3-BF4B-00C04F79EFBC}") = "SimpleCRUD.Infrastructure", "SimpleCRUD.Infrastructure\SimpleCRUD.Infrastructure.csproj", "{F8492945-8B4F-4882-A290-338CE02AA428}"
EndProject
Project("{FAE04EC0-301F-11D3-BF4B-00C04F79EFBC}") = "SimpleCRUD.UI", "SimpleCRUD.UI\SimpleCRUD.UI.csproj", "{E420952E-AD76-4C2C-96EB-68B831950174}"
EndProject
Global
	GlobalSection(SolutionConfigurationPlatforms) = preSolution
		Debug|Any CPU = Debug|Any CPU
		Release|Any CPU = Release|Any CPU
	EndGlobalSection
	GlobalSection(ProjectConfigurationPlatforms) = postSolution
		{5C5A13FC-18ED-4D50-B171-D4A2B9E88568}.Debug|Any CPU.ActiveCfg = Debug|Any CPU
		{5C5A13FC-18ED-4D50-B171-D4A2B9E88568}.Debug|Any CPU.Build.0 = Debug|Any CPU
		{5C5A13FC-18ED-4D50-B171-D4A2B9E88568}.Release|Any CPU.ActiveCfg = Release|Any CPU
		{5C5A13FC-18ED-4D50-B171-D4A2B9E88568}.Release|Any CPU.Build.0 = Release|Any CPU
		{F8492945-8B4F-4882-A290-338CE02AA428}.Debug|Any CPU.ActiveCfg = Debug|Any CPU
		{F8492945-8B4F-4882-A290-338CE02AA428}.Debug|Any CPU.Build.0 = Debug|Any CPU
		{F8492945-8B4F-4882-A290-338CE02AA428}.Release|Any CPU.ActiveCfg = Release|Any CPU
		{F8492945-8B4F-4882-A290-338CE02AA428}.Release|Any CPU.Build.0 = Release|Any CPU
		{E420952E-AD76-4C2C-96EB-68B831950174}.Debug|Any CPU.ActiveCfg = Debug|Any CPU
		{E420952E-AD76-4C2C-96EB-68B831950174}.Debug|Any CPU.Build.0 = Debug|Any CPU
		{E420952E-AD76-4C2C-96EB-68B831950174}.Release|Any CPU.ActiveCfg = Release|Any CPU
		{E420952E-AD76-4C2C-96EB-68B831950174}.Release|Any CPU.Build.0 = Release|Any CPU
	EndGlobalSection
	GlobalSection(SolutionProperties) = preSolution
		HideSolutionNode = FALSE
	EndGlobalSection
	GlobalSection(NestedProjects) = preSolution
		{5C5A13FC-18ED-4D50-B171-D4A2B9E88568} = {CFF33A9C-E0F0-4D41-AE46-375A91C7C68E}
		{F8492945-8B4F-4882-A290-338CE02AA428} = {CFF33A9C-E0F0-4D41-AE46-375A91C7C68E}
		{E420952E-AD76-4C2C-96EB-68B831950174} = {CFF33A9C-E0F0-4D41-AE46-375A91C7C68E}
	EndGlobalSection
EndGlobal
